
Microsoft Visual Studio Solution File, Format Version 12.00
# Visual Studio Version 16
VisualStudioVersion = 16.0.30711.63
MinimumVisualStudioVersion = 10.0.40219.1
Project("{9A19103F-16F7-4668-BE54-9A1E7A4F7556}") = "AndrewsHighSchoolManagementSystem", "AndrewsHighSchoolManagementSystem\AndrewsHighSchoolManagementSystem.csproj", "{B5B10461-F7F8-495B-8C5E-0EB110464086}"
EndProject
Project("{9A19103F-16F7-4668-BE54-9A1E7A4F7556}") = "PersonDomain", "PersonDomain\PersonDomain.csproj", "{8C7960A0-1703-4910-84DB-5B8221C5ED20}"
EndProject
Project("{FAE04EC0-301F-11D3-BF4B-00C04F79EFBC}") = "DataStore", "DataStore\DataStore.csproj", "{A062D19E-7842-4E51-8893-6EEEC0667F9B}"
EndProject
Project("{FAE04EC0-301F-11D3-BF4B-00C04F79EFBC}") = "Utility", "Utility\Utility.csproj", "{15F252E4-2F85-40F0-B984-6232C1CB46CF}"
EndProject
Project("{FAE04EC0-301F-11D3-BF4B-00C04F79EFBC}") = "SchoolDomain", "SchoolDomain\SchoolDomain.csproj", "{A016522C-C159-4A50-B04E-8A07EA54BA4E}"
EndProject
Global
	GlobalSection(SolutionConfigurationPlatforms) = preSolution
		Debug|Any CPU = Debug|Any CPU
		Release|Any CPU = Release|Any CPU
	EndGlobalSection
	GlobalSection(ProjectConfigurationPlatforms) = postSolution
		{B5B10461-F7F8-495B-8C5E-0EB110464086}.Debug|Any CPU.ActiveCfg = Debug|Any CPU
		{B5B10461-F7F8-495B-8C5E-0EB110464086}.Debug|Any CPU.Build.0 = Debug|Any CPU
		{B5B10461-F7F8-495B-8C5E-0EB110464086}.Release|Any CPU.ActiveCfg = Release|Any CPU
		{B5B10461-F7F8-495B-8C5E-0EB110464086}.Release|Any CPU.Build.0 = Release|Any CPU
		{8C7960A0-1703-4910-84DB-5B8221C5ED20}.Debug|Any CPU.ActiveCfg = Debug|Any CPU
		{8C7960A0-1703-4910-84DB-5B8221C5ED20}.Debug|Any CPU.Build.0 = Debug|Any CPU
		{8C7960A0-1703-4910-84DB-5B8221C5ED20}.Release|Any CPU.ActiveCfg = Release|Any CPU
		{8C7960A0-1703-4910-84DB-5B8221C5ED20}.Release|Any CPU.Build.0 = Release|Any CPU
		{A062D19E-7842-4E51-8893-6EEEC0667F9B}.Debug|Any CPU.ActiveCfg = Debug|Any CPU
		{A062D19E-7842-4E51-8893-6EEEC0667F9B}.Debug|Any CPU.Build.0 = Debug|Any CPU
		{A062D19E-7842-4E51-8893-6EEEC0667F9B}.Release|Any CPU.ActiveCfg = Release|Any CPU
		{A062D19E-7842-4E51-8893-6EEEC0667F9B}.Release|Any CPU.Build.0 = Release|Any CPU
		{15F252E4-2F85-40F0-B984-6232C1CB46CF}.Debug|Any CPU.ActiveCfg = Debug|Any CPU
		{15F252E4-2F85-40F0-B984-6232C1CB46CF}.Debug|Any CPU.Build.0 = Debug|Any CPU
		{15F252E4-2F85-40F0-B984-6232C1CB46CF}.Release|Any CPU.ActiveCfg = Release|Any CPU
		{15F252E4-2F85-40F0-B984-6232C1CB46CF}.Release|Any CPU.Build.0 = Release|Any CPU
		{A016522C-C159-4A50-B04E-8A07EA54BA4E}.Debug|Any CPU.ActiveCfg = Debug|Any CPU
		{A016522C-C159-4A50-B04E-8A07EA54BA4E}.Debug|Any CPU.Build.0 = Debug|Any CPU
		{A016522C-C159-4A50-B04E-8A07EA54BA4E}.Release|Any CPU.ActiveCfg = Release|Any CPU
		{A016522C-C159-4A50-B04E-8A07EA54BA4E}.Release|Any CPU.Build.0 = Release|Any CPU
	EndGlobalSection
	GlobalSection(SolutionProperties) = preSolution
		HideSolutionNode = FALSE
	EndGlobalSection
	GlobalSection(ExtensibilityGlobals) = postSolution
		SolutionGuid = {C2689D1D-7765-4AAD-BB48-19D1E19778CA}
	EndGlobalSection
EndGlobal
